
Microsoft Visual Studio Solution File, Format Version 12.00
# Visual Studio Version 16
VisualStudioVersion = 16.0.32228.343
MinimumVisualStudioVersion = 10.0.40219.1
Project("{FAE04EC0-301F-11D3-BF4B-00C04F79EFBC}") = "Classes_Abstratas", "Classes_Abstratas\Classes_Abstratas.csproj", "{EB920607-A6B5-44C9-8C47-03DC87E5917A}"
EndProject
Global
	GlobalSection(SolutionConfigurationPlatforms) = preSolution
		Debug|Any CPU = Debug|Any CPU
		Release|Any CPU = Release|Any CPU
	EndGlobalSection
	GlobalSection(ProjectConfigurationPlatforms) = postSolution
		{EB920607-A6B5-44C9-8C47-03DC87E5917A}.Debug|Any CPU.ActiveCfg = Debug|Any CPU
		{EB920607-A6B5-44C9-8C47-03DC87E5917A}.Debug|Any CPU.Build.0 = Debug|Any CPU
		{EB920607-A6B5-44C9-8C47-03DC87E5917A}.Release|Any CPU.ActiveCfg = Release|Any CPU
		{EB920607-A6B5-44C9-8C47-03DC87E5917A}.Release|Any CPU.Build.0 = Release|Any CPU
	EndGlobalSection
	GlobalSection(SolutionProperties) = preSolution
		HideSolutionNode = FALSE
	EndGlobalSection
	GlobalSection(ExtensibilityGlobals) = postSolution
		SolutionGuid = {84EC2C47-32B8-41DA-BEBF-571E39827D7B}
	EndGlobalSection
EndGlobal
