
Microsoft Visual Studio Solution File, Format Version 12.00
# Visual Studio Version 16
VisualStudioVersion = 16.0.32510.428
MinimumVisualStudioVersion = 10.0.40219.1
Project("{FAE04EC0-301F-11D3-BF4B-00C04F79EFBC}") = "If-Else-01", "If-Else-01\If-Else-01.csproj", "{AC6D2193-76CB-46E3-BD65-94CC9E35FD69}"
EndProject
Global
	GlobalSection(SolutionConfigurationPlatforms) = preSolution
		Debug|Any CPU = Debug|Any CPU
		Release|Any CPU = Release|Any CPU
	EndGlobalSection
	GlobalSection(ProjectConfigurationPlatforms) = postSolution
		{AC6D2193-76CB-46E3-BD65-94CC9E35FD69}.Debug|Any CPU.ActiveCfg = Debug|Any CPU
		{AC6D2193-76CB-46E3-BD65-94CC9E35FD69}.Debug|Any CPU.Build.0 = Debug|Any CPU
		{AC6D2193-76CB-46E3-BD65-94CC9E35FD69}.Release|Any CPU.ActiveCfg = Release|Any CPU
		{AC6D2193-76CB-46E3-BD65-94CC9E35FD69}.Release|Any CPU.Build.0 = Release|Any CPU
	EndGlobalSection
	GlobalSection(SolutionProperties) = preSolution
		HideSolutionNode = FALSE
	EndGlobalSection
	GlobalSection(ExtensibilityGlobals) = postSolution
		SolutionGuid = {34914DF3-1D0A-4272-8F6E-680BE25254D4}
	EndGlobalSection
EndGlobal
