
Microsoft Visual Studio Solution File, Format Version 12.00
# Visual Studio Version 16
VisualStudioVersion = 16.0.32510.428
MinimumVisualStudioVersion = 10.0.40219.1
Project("{FAE04EC0-301F-11D3-BF4B-00C04F79EFBC}") = "Exe7For", "Exe7For\Exe7For.csproj", "{9DAFA5FE-14E7-4520-9C86-06A94F852E3C}"
EndProject
Global
	GlobalSection(SolutionConfigurationPlatforms) = preSolution
		Debug|Any CPU = Debug|Any CPU
		Release|Any CPU = Release|Any CPU
	EndGlobalSection
	GlobalSection(ProjectConfigurationPlatforms) = postSolution
		{9DAFA5FE-14E7-4520-9C86-06A94F852E3C}.Debug|Any CPU.ActiveCfg = Debug|Any CPU
		{9DAFA5FE-14E7-4520-9C86-06A94F852E3C}.Debug|Any CPU.Build.0 = Debug|Any CPU
		{9DAFA5FE-14E7-4520-9C86-06A94F852E3C}.Release|Any CPU.ActiveCfg = Release|Any CPU
		{9DAFA5FE-14E7-4520-9C86-06A94F852E3C}.Release|Any CPU.Build.0 = Release|Any CPU
	EndGlobalSection
	GlobalSection(SolutionProperties) = preSolution
		HideSolutionNode = FALSE
	EndGlobalSection
	GlobalSection(ExtensibilityGlobals) = postSolution
		SolutionGuid = {042A56E6-1922-4B4C-9DE9-9D967E432FA2}
	EndGlobalSection
EndGlobal
