
Microsoft Visual Studio Solution File, Format Version 12.00
# Visual Studio Version 16
VisualStudioVersion = 16.0.32510.428
MinimumVisualStudioVersion = 10.0.40219.1
Project("{FAE04EC0-301F-11D3-BF4B-00C04F79EFBC}") = "Exer3For", "Exer3For\Exer3For.csproj", "{47B17F3B-B330-4C34-9B2D-40D259B6650A}"
EndProject
Global
	GlobalSection(SolutionConfigurationPlatforms) = preSolution
		Debug|Any CPU = Debug|Any CPU
		Release|Any CPU = Release|Any CPU
	EndGlobalSection
	GlobalSection(ProjectConfigurationPlatforms) = postSolution
		{47B17F3B-B330-4C34-9B2D-40D259B6650A}.Debug|Any CPU.ActiveCfg = Debug|Any CPU
		{47B17F3B-B330-4C34-9B2D-40D259B6650A}.Debug|Any CPU.Build.0 = Debug|Any CPU
		{47B17F3B-B330-4C34-9B2D-40D259B6650A}.Release|Any CPU.ActiveCfg = Release|Any CPU
		{47B17F3B-B330-4C34-9B2D-40D259B6650A}.Release|Any CPU.Build.0 = Release|Any CPU
	EndGlobalSection
	GlobalSection(SolutionProperties) = preSolution
		HideSolutionNode = FALSE
	EndGlobalSection
	GlobalSection(ExtensibilityGlobals) = postSolution
		SolutionGuid = {C5DD951C-65E6-4FF2-BE45-C7A5BBB13D90}
	EndGlobalSection
EndGlobal
