
Microsoft Visual Studio Solution File, Format Version 12.00
# Visual Studio Version 16
VisualStudioVersion = 16.0.32510.428
MinimumVisualStudioVersion = 10.0.40219.1
Project("{FAE04EC0-301F-11D3-BF4B-00C04F79EFBC}") = "Exe4For", "Exe4For\Exe4For.csproj", "{540D77FB-B849-43F2-ADCE-F22C999D71DC}"
EndProject
Global
	GlobalSection(SolutionConfigurationPlatforms) = preSolution
		Debug|Any CPU = Debug|Any CPU
		Release|Any CPU = Release|Any CPU
	EndGlobalSection
	GlobalSection(ProjectConfigurationPlatforms) = postSolution
		{540D77FB-B849-43F2-ADCE-F22C999D71DC}.Debug|Any CPU.ActiveCfg = Debug|Any CPU
		{540D77FB-B849-43F2-ADCE-F22C999D71DC}.Debug|Any CPU.Build.0 = Debug|Any CPU
		{540D77FB-B849-43F2-ADCE-F22C999D71DC}.Release|Any CPU.ActiveCfg = Release|Any CPU
		{540D77FB-B849-43F2-ADCE-F22C999D71DC}.Release|Any CPU.Build.0 = Release|Any CPU
	EndGlobalSection
	GlobalSection(SolutionProperties) = preSolution
		HideSolutionNode = FALSE
	EndGlobalSection
	GlobalSection(ExtensibilityGlobals) = postSolution
		SolutionGuid = {D80A6204-0C90-48D9-BFF7-4BFB24803E8E}
	EndGlobalSection
EndGlobal
